
Microsoft Visual Studio Solution File, Format Version 12.00
# Visual Studio Version 16
VisualStudioVersion = 16.0.31624.102
MinimumVisualStudioVersion = 10.0.40219.1
Project("{FAE04EC0-301F-11D3-BF4B-00C04F79EFBC}") = "Black Star Studios", "Black Star Studios\Black Star Studios.csproj", "{9F860D65-8C4C-4467-B1A1-4885CEFC4230}"
EndProject
Project("{2150E333-8FDC-42A3-9474-1A3956D46DE8}") = "Solution Items", "Solution Items", "{297D15BC-CE86-4FB5-AB1C-941D193BE24C}"
	ProjectSection(SolutionItems) = preProject
		.editorconfig = .editorconfig
	EndProjectSection
EndProject
Global
	GlobalSection(SolutionConfigurationPlatforms) = preSolution
		Debug|Any CPU = Debug|Any CPU
		Release|Any CPU = Release|Any CPU
	EndGlobalSection
	GlobalSection(ProjectConfigurationPlatforms) = postSolution
		{9F860D65-8C4C-4467-B1A1-4885CEFC4230}.Debug|Any CPU.ActiveCfg = Debug|Any CPU
		{9F860D65-8C4C-4467-B1A1-4885CEFC4230}.Debug|Any CPU.Build.0 = Debug|Any CPU
		{9F860D65-8C4C-4467-B1A1-4885CEFC4230}.Release|Any CPU.ActiveCfg = Release|Any CPU
		{9F860D65-8C4C-4467-B1A1-4885CEFC4230}.Release|Any CPU.Build.0 = Release|Any CPU
	EndGlobalSection
	GlobalSection(SolutionProperties) = preSolution
		HideSolutionNode = FALSE
	EndGlobalSection
	GlobalSection(ExtensibilityGlobals) = postSolution
		SolutionGuid = {675BF245-545B-4E2A-BE7E-1EF5BE489B72}
	EndGlobalSection
EndGlobal
